{
  "pins" : [
    {
      "identity" : "swiftuicharts",
      "kind" : "remoteSourceControl",
      "location" : "https://github.com/willdale/SwiftUICharts.git",
      "state" : {
        "branch" : "main",
        "revision" : "9177c49ffc574a212e1604d2a268ddfda423a449"
      }
    }
  ],
  "version" : 2
}
