// !$*UTF8*$!
{
	archiveVersion = 1;
	classes = {
	};
	objectVersion = 55;
	objects = {

/* Begin PBXBuildFile section */
		201B05A7282CE1A4002B6629 /* UserService.swift in Sources */ = {isa = PBXBuildFile; fileRef = 201B05A6282CE1A4002B6629 /* UserService.swift */; };
		201B05AA282D09B5002B6629 /* PhoneVerificationView.swift in Sources */ = {isa = PBXBuildFile; fileRef = 201B05A9282D09B5002B6629 /* PhoneVerificationView.swift */; };
		201B05AE282D5D77002B6629 /* extensions.swift in Sources */ = {isa = PBXBuildFile; fileRef = 201B05AD282D5D77002B6629 /* extensions.swift */; };
		201B05B1282D7F1D002B6629 /* TopInfoSubView.swift in Sources */ = {isa = PBXBuildFile; fileRef = 201B05B0282D7F1D002B6629 /* TopInfoSubView.swift */; };
		201B05B3282D8226002B6629 /* PhoneInputSubView.swift in Sources */ = {isa = PBXBuildFile; fileRef = 201B05B2282D8226002B6629 /* PhoneInputSubView.swift */; };
		201B05B6282D8E04002B6629 /* OTPVerificationView.swift in Sources */ = {isa = PBXBuildFile; fileRef = 201B05B5282D8E01002B6629 /* OTPVerificationView.swift */; };
		202939A428339A1600E79E28 /* APIConstants.swift in Sources */ = {isa = PBXBuildFile; fileRef = 202939A328339A1600E79E28 /* APIConstants.swift */; };
		202939AA2833AD4100E79E28 /* countryCode.json in Resources */ = {isa = PBXBuildFile; fileRef = 202939A92833AD4100E79E28 /* countryCode.json */; };
		202939AC2833AD6700E79E28 /* Country.swift in Sources */ = {isa = PBXBuildFile; fileRef = 202939AB2833AD6700E79E28 /* Country.swift */; };
		202939B02833C06800E79E28 /* ReadCountryCode.swift in Sources */ = {isa = PBXBuildFile; fileRef = 202939AF2833C06800E79E28 /* ReadCountryCode.swift */; };
		2073C429282D9714008E749F /* OTPCodeSubView.swift in Sources */ = {isa = PBXBuildFile; fileRef = 2073C428282D9714008E749F /* OTPCodeSubView.swift */; };
		2073C42B282DA6D9008E749F /* PinVerificationSubView.swift in Sources */ = {isa = PBXBuildFile; fileRef = 2073C42A282DA6D8008E749F /* PinVerificationSubView.swift */; };
		2073C42D282DA78A008E749F /* PinVerificationView.swift in Sources */ = {isa = PBXBuildFile; fileRef = 2073C42C282DA78A008E749F /* PinVerificationView.swift */; };
		207A076D282C57AC003C7EBD /* User.swift in Sources */ = {isa = PBXBuildFile; fileRef = 207A076C282C57AC003C7EBD /* User.swift */; };
		207A0771282C59BA003C7EBD /* UserViewModel.swift in Sources */ = {isa = PBXBuildFile; fileRef = 207A0770282C59BA003C7EBD /* UserViewModel.swift */; };
		208FC1F8282FB80000C78421 /* SubmittedSucessScreen.swift in Sources */ = {isa = PBXBuildFile; fileRef = 208FC1F7282FB80000C78421 /* SubmittedSucessScreen.swift */; };
		20B7F472282E40E600D29C5F /* SplashScreen.swift in Sources */ = {isa = PBXBuildFile; fileRef = 20B7F471282E40E600D29C5F /* SplashScreen.swift */; };
		20C22700282C2255009BAD5C /* GhalaApp.swift in Sources */ = {isa = PBXBuildFile; fileRef = 20C226FF282C2255009BAD5C /* GhalaApp.swift */; };
		20C22702282C2255009BAD5C /* ContentView.swift in Sources */ = {isa = PBXBuildFile; fileRef = 20C22701282C2255009BAD5C /* ContentView.swift */; };
		20C22704282C2259009BAD5C /* Assets.xcassets in Resources */ = {isa = PBXBuildFile; fileRef = 20C22703282C2259009BAD5C /* Assets.xcassets */; };
		20C22707282C2259009BAD5C /* Preview Assets.xcassets in Resources */ = {isa = PBXBuildFile; fileRef = 20C22706282C2259009BAD5C /* Preview Assets.xcassets */; };
		20C26319282F1088008C6F58 /* AccountSetupView.swift in Sources */ = {isa = PBXBuildFile; fileRef = 20C26318282F1088008C6F58 /* AccountSetupView.swift */; };
		20E3AE3B2831034400BE295E /* HomeView.swift in Sources */ = {isa = PBXBuildFile; fileRef = 20E3AE3A2831034400BE295E /* HomeView.swift */; };
		20E3AE3D28314A7300BE295E /* MainView.swift in Sources */ = {isa = PBXBuildFile; fileRef = 20E3AE3C28314A7300BE295E /* MainView.swift */; };
		20E3AE3F28314B4F00BE295E /* DrawerView.swift in Sources */ = {isa = PBXBuildFile; fileRef = 20E3AE3E28314B4F00BE295E /* DrawerView.swift */; };
/* End PBXBuildFile section */

/* Begin PBXFileReference section */
		201B05A6282CE1A4002B6629 /* UserService.swift */ = {isa = PBXFileReference; lastKnownFileType = sourcecode.swift; path = UserService.swift; sourceTree = "<group>"; };
		201B05A9282D09B5002B6629 /* PhoneVerificationView.swift */ = {isa = PBXFileReference; lastKnownFileType = sourcecode.swift; path = PhoneVerificationView.swift; sourceTree = "<group>"; };
		201B05AD282D5D77002B6629 /* extensions.swift */ = {isa = PBXFileReference; lastKnownFileType = sourcecode.swift; path = extensions.swift; sourceTree = "<group>"; };
		201B05B0282D7F1D002B6629 /* TopInfoSubView.swift */ = {isa = PBXFileReference; lastKnownFileType = sourcecode.swift; path = TopInfoSubView.swift; sourceTree = "<group>"; };
		201B05B2282D8226002B6629 /* PhoneInputSubView.swift */ = {isa = PBXFileReference; lastKnownFileType = sourcecode.swift; path = PhoneInputSubView.swift; sourceTree = "<group>"; };
		201B05B5282D8E01002B6629 /* OTPVerificationView.swift */ = {isa = PBXFileReference; lastKnownFileType = sourcecode.swift; path = OTPVerificationView.swift; sourceTree = "<group>"; };
		202939A328339A1600E79E28 /* APIConstants.swift */ = {isa = PBXFileReference; lastKnownFileType = sourcecode.swift; path = APIConstants.swift; sourceTree = "<group>"; };
		202939A92833AD4100E79E28 /* countryCode.json */ = {isa = PBXFileReference; fileEncoding = 4; lastKnownFileType = text.json; path = countryCode.json; sourceTree = "<group>"; };
		202939AB2833AD6700E79E28 /* Country.swift */ = {isa = PBXFileReference; lastKnownFileType = sourcecode.swift; path = Country.swift; sourceTree = "<group>"; };
		202939AF2833C06800E79E28 /* ReadCountryCode.swift */ = {isa = PBXFileReference; lastKnownFileType = sourcecode.swift; path = ReadCountryCode.swift; sourceTree = "<group>"; };
		2073C428282D9714008E749F /* OTPCodeSubView.swift */ = {isa = PBXFileReference; lastKnownFileType = sourcecode.swift; path = OTPCodeSubView.swift; sourceTree = "<group>"; };
		2073C42A282DA6D8008E749F /* PinVerificationSubView.swift */ = {isa = PBXFileReference; lastKnownFileType = sourcecode.swift; path = PinVerificationSubView.swift; sourceTree = "<group>"; };
		2073C42C282DA78A008E749F /* PinVerificationView.swift */ = {isa = PBXFileReference; lastKnownFileType = sourcecode.swift; path = PinVerificationView.swift; sourceTree = "<group>"; };
		207A076C282C57AC003C7EBD /* User.swift */ = {isa = PBXFileReference; lastKnownFileType = sourcecode.swift; path = User.swift; sourceTree = "<group>"; };
		207A0770282C59BA003C7EBD /* UserViewModel.swift */ = {isa = PBXFileReference; lastKnownFileType = sourcecode.swift; path = UserViewModel.swift; sourceTree = "<group>"; };
		208FC1F7282FB80000C78421 /* SubmittedSucessScreen.swift */ = {isa = PBXFileReference; lastKnownFileType = sourcecode.swift; path = SubmittedSucessScreen.swift; sourceTree = "<group>"; };
		20B7F471282E40E600D29C5F /* SplashScreen.swift */ = {isa = PBXFileReference; lastKnownFileType = sourcecode.swift; path = SplashScreen.swift; sourceTree = "<group>"; };
		20C226FC282C2255009BAD5C /* Ghala.app */ = {isa = PBXFileReference; explicitFileType = wrapper.application; includeInIndex = 0; path = Ghala.app; sourceTree = BUILT_PRODUCTS_DIR; };
		20C226FF282C2255009BAD5C /* GhalaApp.swift */ = {isa = PBXFileReference; lastKnownFileType = sourcecode.swift; path = GhalaApp.swift; sourceTree = "<group>"; };
		20C22701282C2255009BAD5C /* ContentView.swift */ = {isa = PBXFileReference; lastKnownFileType = sourcecode.swift; path = ContentView.swift; sourceTree = "<group>"; };
		20C22703282C2259009BAD5C /* Assets.xcassets */ = {isa = PBXFileReference; lastKnownFileType = folder.assetcatalog; path = Assets.xcassets; sourceTree = "<group>"; };
		20C22706282C2259009BAD5C /* Preview Assets.xcassets */ = {isa = PBXFileReference; lastKnownFileType = folder.assetcatalog; path = "Preview Assets.xcassets"; sourceTree = "<group>"; };
		20C26318282F1088008C6F58 /* AccountSetupView.swift */ = {isa = PBXFileReference; lastKnownFileType = sourcecode.swift; path = AccountSetupView.swift; sourceTree = "<group>"; };
		20E3AE3A2831034400BE295E /* HomeView.swift */ = {isa = PBXFileReference; lastKnownFileType = sourcecode.swift; path = HomeView.swift; sourceTree = "<group>"; };
		20E3AE3C28314A7300BE295E /* MainView.swift */ = {isa = PBXFileReference; lastKnownFileType = sourcecode.swift; path = MainView.swift; sourceTree = "<group>"; };
		20E3AE3E28314B4F00BE295E /* DrawerView.swift */ = {isa = PBXFileReference; lastKnownFileType = sourcecode.swift; path = DrawerView.swift; sourceTree = "<group>"; };
/* End PBXFileReference section */

/* Begin PBXFrameworksBuildPhase section */
		20C226F9282C2255009BAD5C /* Frameworks */ = {
			isa = PBXFrameworksBuildPhase;
			buildActionMask = 2147483647;
			files = (
			);
			runOnlyForDeploymentPostprocessing = 0;
		};
/* End PBXFrameworksBuildPhase section */

/* Begin PBXGroup section */
		201B05A8282D0992002B6629 /* Views */ = {
			isa = PBXGroup;
			children = (
				20E3AE392831032700BE295E /* HomeScreen */,
				201B05AF282D7E94002B6629 /* Verification */,
				20B7F471282E40E600D29C5F /* SplashScreen.swift */,
				20C26318282F1088008C6F58 /* AccountSetupView.swift */,
			);
			path = Views;
			sourceTree = "<group>";
		};
		201B05AF282D7E94002B6629 /* Verification */ = {
			isa = PBXGroup;
			children = (
				201B05B5282D8E01002B6629 /* OTPVerificationView.swift */,
				201B05A9282D09B5002B6629 /* PhoneVerificationView.swift */,
				2073C42C282DA78A008E749F /* PinVerificationView.swift */,
				208FC1F7282FB80000C78421 /* SubmittedSucessScreen.swift */,
				201B05B4282D8C75002B6629 /* SubViews */,
			);
			path = Verification;
			sourceTree = "<group>";
		};
		201B05B4282D8C75002B6629 /* SubViews */ = {
			isa = PBXGroup;
			children = (
				201B05B2282D8226002B6629 /* PhoneInputSubView.swift */,
				201B05B0282D7F1D002B6629 /* TopInfoSubView.swift */,
				2073C428282D9714008E749F /* OTPCodeSubView.swift */,
				2073C42A282DA6D8008E749F /* PinVerificationSubView.swift */,
			);
			path = SubViews;
			sourceTree = "<group>";
		};
		202939A2283399D800E79E28 /* Constants */ = {
			isa = PBXGroup;
			children = (
				202939A328339A1600E79E28 /* APIConstants.swift */,
			);
			path = Constants;
			sourceTree = "<group>";
		};
		207A076A282C5789003C7EBD /* Model */ = {
			isa = PBXGroup;
			children = (
				207A076C282C57AC003C7EBD /* User.swift */,
				202939AB2833AD6700E79E28 /* Country.swift */,
			);
			path = Model;
			sourceTree = "<group>";
		};
		207A076B282C578F003C7EBD /* Services */ = {
			isa = PBXGroup;
			children = (
				201B05A6282CE1A4002B6629 /* UserService.swift */,
			);
			path = Services;
			sourceTree = "<group>";
		};
		207A0772282C59BE003C7EBD /* ViewModel */ = {
			isa = PBXGroup;
			children = (
				207A0770282C59BA003C7EBD /* UserViewModel.swift */,
				202939AF2833C06800E79E28 /* ReadCountryCode.swift */,
			);
			path = ViewModel;
			sourceTree = "<group>";
		};
		20C226F3282C2255009BAD5C = {
			isa = PBXGroup;
			children = (
				20C226FE282C2255009BAD5C /* Ghala */,
				20C226FD282C2255009BAD5C /* Products */,
			);
			sourceTree = "<group>";
		};
		20C226FD282C2255009BAD5C /* Products */ = {
			isa = PBXGroup;
			children = (
				20C226FC282C2255009BAD5C /* Ghala.app */,
			);
			name = Products;
			sourceTree = "<group>";
		};
		20C226FE282C2255009BAD5C /* Ghala */ = {
			isa = PBXGroup;
			children = (
				202939A2283399D800E79E28 /* Constants */,
				201B05A8282D0992002B6629 /* Views */,
				207A0772282C59BE003C7EBD /* ViewModel */,
				207A076B282C578F003C7EBD /* Services */,
				207A076A282C5789003C7EBD /* Model */,
				20C226FF282C2255009BAD5C /* GhalaApp.swift */,
				20C22701282C2255009BAD5C /* ContentView.swift */,
				20C22703282C2259009BAD5C /* Assets.xcassets */,
				20C22705282C2259009BAD5C /* Preview Content */,
				201B05AD282D5D77002B6629 /* extensions.swift */,
				202939A92833AD4100E79E28 /* countryCode.json */,
			);
			path = Ghala;
			sourceTree = "<group>";
		};
		20C22705282C2259009BAD5C /* Preview Content */ = {
			isa = PBXGroup;
			children = (
				20C22706282C2259009BAD5C /* Preview Assets.xcassets */,
			);
			path = "Preview Content";
			sourceTree = "<group>";
		};
		20E3AE392831032700BE295E /* HomeScreen */ = {
			isa = PBXGroup;
			children = (
				20E3AE3A2831034400BE295E /* HomeView.swift */,
				20E3AE3C28314A7300BE295E /* MainView.swift */,
				20E3AE3E28314B4F00BE295E /* DrawerView.swift */,
			);
			path = HomeScreen;
			sourceTree = "<group>";
		};
/* End PBXGroup section */

/* Begin PBXNativeTarget section */
		20C226FB282C2255009BAD5C /* Ghala */ = {
			isa = PBXNativeTarget;
			buildConfigurationList = 20C2270A282C2259009BAD5C /* Build configuration list for PBXNativeTarget "Ghala" */;
			buildPhases = (
				20C226F8282C2255009BAD5C /* Sources */,
				20C226F9282C2255009BAD5C /* Frameworks */,
				20C226FA282C2255009BAD5C /* Resources */,
			);
			buildRules = (
			);
			dependencies = (
			);
			name = Ghala;
			productName = Ghala;
			productReference = 20C226FC282C2255009BAD5C /* Ghala.app */;
			productType = "com.apple.product-type.application";
		};
/* End PBXNativeTarget section */

/* Begin PBXProject section */
		20C226F4282C2255009BAD5C /* Project object */ = {
			isa = PBXProject;
			attributes = {
				BuildIndependentTargetsInParallel = 1;
				LastSwiftUpdateCheck = 1330;
				LastUpgradeCheck = 1330;
				TargetAttributes = {
					20C226FB282C2255009BAD5C = {
						CreatedOnToolsVersion = 13.3;
					};
				};
			};
			buildConfigurationList = 20C226F7282C2255009BAD5C /* Build configuration list for PBXProject "Ghala" */;
			compatibilityVersion = "Xcode 13.0";
			developmentRegion = en;
			hasScannedForEncodings = 0;
			knownRegions = (
				en,
				Base,
			);
			mainGroup = 20C226F3282C2255009BAD5C;
			productRefGroup = 20C226FD282C2255009BAD5C /* Products */;
			projectDirPath = "";
			projectRoot = "";
			targets = (
				20C226FB282C2255009BAD5C /* Ghala */,
			);
		};
/* End PBXProject section */

/* Begin PBXResourcesBuildPhase section */
		20C226FA282C2255009BAD5C /* Resources */ = {
			isa = PBXResourcesBuildPhase;
			buildActionMask = 2147483647;
			files = (
				20C22707282C2259009BAD5C /* Preview Assets.xcassets in Resources */,
				20C22704282C2259009BAD5C /* Assets.xcassets in Resources */,
				202939AA2833AD4100E79E28 /* countryCode.json in Resources */,
			);
			runOnlyForDeploymentPostprocessing = 0;
		};
/* End PBXResourcesBuildPhase section */

/* Begin PBXSourcesBuildPhase section */
		20C226F8282C2255009BAD5C /* Sources */ = {
			isa = PBXSourcesBuildPhase;
			buildActionMask = 2147483647;
			files = (
				201B05B3282D8226002B6629 /* PhoneInputSubView.swift in Sources */,
				202939B02833C06800E79E28 /* ReadCountryCode.swift in Sources */,
				20E3AE3D28314A7300BE295E /* MainView.swift in Sources */,
				20C26319282F1088008C6F58 /* AccountSetupView.swift in Sources */,
				201B05A7282CE1A4002B6629 /* UserService.swift in Sources */,
				20C22702282C2255009BAD5C /* ContentView.swift in Sources */,
				2073C429282D9714008E749F /* OTPCodeSubView.swift in Sources */,
				20C22700282C2255009BAD5C /* GhalaApp.swift in Sources */,
				202939AC2833AD6700E79E28 /* Country.swift in Sources */,
				201B05AE282D5D77002B6629 /* extensions.swift in Sources */,
				208FC1F8282FB80000C78421 /* SubmittedSucessScreen.swift in Sources */,
				207A0771282C59BA003C7EBD /* UserViewModel.swift in Sources */,
				20B7F472282E40E600D29C5F /* SplashScreen.swift in Sources */,
				2073C42D282DA78A008E749F /* PinVerificationView.swift in Sources */,
				20E3AE3B2831034400BE295E /* HomeView.swift in Sources */,
				201B05AA282D09B5002B6629 /* PhoneVerificationView.swift in Sources */,
				207A076D282C57AC003C7EBD /* User.swift in Sources */,
				20E3AE3F28314B4F00BE295E /* DrawerView.swift in Sources */,
				202939A428339A1600E79E28 /* APIConstants.swift in Sources */,
				201B05B6282D8E04002B6629 /* OTPVerificationView.swift in Sources */,
				2073C42B282DA6D9008E749F /* PinVerificationSubView.swift in Sources */,
				201B05B1282D7F1D002B6629 /* TopInfoSubView.swift in Sources */,
			);
			runOnlyForDeploymentPostprocessing = 0;
		};
/* End PBXSourcesBuildPhase section */

/* Begin XCBuildConfiguration section */
		20C22708282C2259009BAD5C /* Debug */ = {
			isa = XCBuildConfiguration;
			buildSettings = {
				ALWAYS_SEARCH_USER_PATHS = NO;
				CLANG_ANALYZER_NONNULL = YES;
				CLANG_ANALYZER_NUMBER_OBJECT_CONVERSION = YES_AGGRESSIVE;
				CLANG_CXX_LANGUAGE_STANDARD = "gnu++17";
				CLANG_ENABLE_MODULES = YES;
				CLANG_ENABLE_OBJC_ARC = YES;
				CLANG_ENABLE_OBJC_WEAK = YES;
				CLANG_WARN_BLOCK_CAPTURE_AUTORELEASING = YES;
				CLANG_WARN_BOOL_CONVERSION = YES;
				CLANG_WARN_COMMA = YES;
				CLANG_WARN_CONSTANT_CONVERSION = YES;
				CLANG_WARN_DEPRECATED_OBJC_IMPLEMENTATIONS = YES;
				CLANG_WARN_DIRECT_OBJC_ISA_USAGE = YES_ERROR;
				CLANG_WARN_DOCUMENTATION_COMMENTS = YES;
				CLANG_WARN_EMPTY_BODY = YES;
				CLANG_WARN_ENUM_CONVERSION = YES;
				CLANG_WARN_INFINITE_RECURSION = YES;
				CLANG_WARN_INT_CONVERSION = YES;
				CLANG_WARN_NON_LITERAL_NULL_CONVERSION = YES;
				CLANG_WARN_OBJC_IMPLICIT_RETAIN_SELF = YES;
				CLANG_WARN_OBJC_LITERAL_CONVERSION = YES;
				CLANG_WARN_OBJC_ROOT_CLASS = YES_ERROR;
				CLANG_WARN_QUOTED_INCLUDE_IN_FRAMEWORK_HEADER = YES;
				CLANG_WARN_RANGE_LOOP_ANALYSIS = YES;
				CLANG_WARN_STRICT_PROTOTYPES = YES;
				CLANG_WARN_SUSPICIOUS_MOVE = YES;
				CLANG_WARN_UNGUARDED_AVAILABILITY = YES_AGGRESSIVE;
				CLANG_WARN_UNREACHABLE_CODE = YES;
				CLANG_WARN__DUPLICATE_METHOD_MATCH = YES;
				COPY_PHASE_STRIP = NO;
				DEBUG_INFORMATION_FORMAT = dwarf;
				ENABLE_STRICT_OBJC_MSGSEND = YES;
				ENABLE_TESTABILITY = YES;
				GCC_C_LANGUAGE_STANDARD = gnu11;
				GCC_DYNAMIC_NO_PIC = NO;
				GCC_NO_COMMON_BLOCKS = YES;
				GCC_OPTIMIZATION_LEVEL = 0;
				GCC_PREPROCESSOR_DEFINITIONS = (
					"DEBUG=1",
					"$(inherited)",
				);
				GCC_WARN_64_TO_32_BIT_CONVERSION = YES;
				GCC_WARN_ABOUT_RETURN_TYPE = YES_ERROR;
				GCC_WARN_UNDECLARED_SELECTOR = YES;
				GCC_WARN_UNINITIALIZED_AUTOS = YES_AGGRESSIVE;
				GCC_WARN_UNUSED_FUNCTION = YES;
				GCC_WARN_UNUSED_VARIABLE = YES;
				IPHONEOS_DEPLOYMENT_TARGET = 15.4;
				MTL_ENABLE_DEBUG_INFO = INCLUDE_SOURCE;
				MTL_FAST_MATH = YES;
				ONLY_ACTIVE_ARCH = YES;
				SDKROOT = iphoneos;
				SWIFT_ACTIVE_COMPILATION_CONDITIONS = DEBUG;
				SWIFT_OPTIMIZATION_LEVEL = "-Onone";
			};
			name = Debug;
		};
		20C22709282C2259009BAD5C /* Release */ = {
			isa = XCBuildConfiguration;
			buildSettings = {
				ALWAYS_SEARCH_USER_PATHS = NO;
				CLANG_ANALYZER_NONNULL = YES;
				CLANG_ANALYZER_NUMBER_OBJECT_CONVERSION = YES_AGGRESSIVE;
				CLANG_CXX_LANGUAGE_STANDARD = "gnu++17";
				CLANG_ENABLE_MODULES = YES;
				CLANG_ENABLE_OBJC_ARC = YES;
				CLANG_ENABLE_OBJC_WEAK = YES;
				CLANG_WARN_BLOCK_CAPTURE_AUTORELEASING = YES;
				CLANG_WARN_BOOL_CONVERSION = YES;
				CLANG_WARN_COMMA = YES;
				CLANG_WARN_CONSTANT_CONVERSION = YES;
				CLANG_WARN_DEPRECATED_OBJC_IMPLEMENTATIONS = YES;
				CLANG_WARN_DIRECT_OBJC_ISA_USAGE = YES_ERROR;
				CLANG_WARN_DOCUMENTATION_COMMENTS = YES;
				CLANG_WARN_EMPTY_BODY = YES;
				CLANG_WARN_ENUM_CONVERSION = YES;
				CLANG_WARN_INFINITE_RECURSION = YES;
				CLANG_WARN_INT_CONVERSION = YES;
				CLANG_WARN_NON_LITERAL_NULL_CONVERSION = YES;
				CLANG_WARN_OBJC_IMPLICIT_RETAIN_SELF = YES;
				CLANG_WARN_OBJC_LITERAL_CONVERSION = YES;
				CLANG_WARN_OBJC_ROOT_CLASS = YES_ERROR;
				CLANG_WARN_QUOTED_INCLUDE_IN_FRAMEWORK_HEADER = YES;
				CLANG_WARN_RANGE_LOOP_ANALYSIS = YES;
				CLANG_WARN_STRICT_PROTOTYPES = YES;
				CLANG_WARN_SUSPICIOUS_MOVE = YES;
				CLANG_WARN_UNGUARDED_AVAILABILITY = YES_AGGRESSIVE;
				CLANG_WARN_UNREACHABLE_CODE = YES;
				CLANG_WARN__DUPLICATE_METHOD_MATCH = YES;
				COPY_PHASE_STRIP = NO;
				DEBUG_INFORMATION_FORMAT = "dwarf-with-dsym";
				ENABLE_NS_ASSERTIONS = NO;
				ENABLE_STRICT_OBJC_MSGSEND = YES;
				GCC_C_LANGUAGE_STANDARD = gnu11;
				GCC_NO_COMMON_BLOCKS = YES;
				GCC_WARN_64_TO_32_BIT_CONVERSION = YES;
				GCC_WARN_ABOUT_RETURN_TYPE = YES_ERROR;
				GCC_WARN_UNDECLARED_SELECTOR = YES;
				GCC_WARN_UNINITIALIZED_AUTOS = YES_AGGRESSIVE;
				GCC_WARN_UNUSED_FUNCTION = YES;
				GCC_WARN_UNUSED_VARIABLE = YES;
				IPHONEOS_DEPLOYMENT_TARGET = 15.4;
				MTL_ENABLE_DEBUG_INFO = NO;
				MTL_FAST_MATH = YES;
				SDKROOT = iphoneos;
				SWIFT_COMPILATION_MODE = wholemodule;
				SWIFT_OPTIMIZATION_LEVEL = "-O";
				VALIDATE_PRODUCT = YES;
			};
			name = Release;
		};
		20C2270B282C2259009BAD5C /* Debug */ = {
			isa = XCBuildConfiguration;
			buildSettings = {
				ASSETCATALOG_COMPILER_APPICON_NAME = AppIcon;
				ASSETCATALOG_COMPILER_GLOBAL_ACCENT_COLOR_NAME = AccentColor;
				CODE_SIGN_STYLE = Automatic;
				CURRENT_PROJECT_VERSION = 1;
				DEVELOPMENT_ASSET_PATHS = "\"Ghala/Preview Content\"";
				DEVELOPMENT_TEAM = 5Z3UL2PDB7;
				ENABLE_PREVIEWS = YES;
				GENERATE_INFOPLIST_FILE = YES;
				INFOPLIST_KEY_UIApplicationSceneManifest_Generation = YES;
				INFOPLIST_KEY_UIApplicationSupportsIndirectInputEvents = YES;
				INFOPLIST_KEY_UILaunchScreen_Generation = YES;
				INFOPLIST_KEY_UISupportedInterfaceOrientations_iPad = "UIInterfaceOrientationPortrait UIInterfaceOrientationPortraitUpsideDown UIInterfaceOrientationLandscapeLeft UIInterfaceOrientationLandscapeRight";
				INFOPLIST_KEY_UISupportedInterfaceOrientations_iPhone = "UIInterfaceOrientationPortrait UIInterfaceOrientationLandscapeLeft UIInterfaceOrientationLandscapeRight";
				LD_RUNPATH_SEARCH_PATHS = (
					"$(inherited)",
					"@executable_path/Frameworks",
				);
				MARKETING_VERSION = 1.0;
				PRODUCT_BUNDLE_IDENTIFIER = ghala.Ghala;
				PRODUCT_NAME = "$(TARGET_NAME)";
				SWIFT_EMIT_LOC_STRINGS = YES;
				SWIFT_VERSION = 5.0;
				TARGETED_DEVICE_FAMILY = "1,2";
			};
			name = Debug;
		};
		20C2270C282C2259009BAD5C /* Release */ = {
			isa = XCBuildConfiguration;
			buildSettings = {
				ASSETCATALOG_COMPILER_APPICON_NAME = AppIcon;
				ASSETCATALOG_COMPILER_GLOBAL_ACCENT_COLOR_NAME = AccentColor;
				CODE_SIGN_STYLE = Automatic;
				CURRENT_PROJECT_VERSION = 1;
				DEVELOPMENT_ASSET_PATHS = "\"Ghala/Preview Content\"";
				DEVELOPMENT_TEAM = 5Z3UL2PDB7;
				ENABLE_PREVIEWS = YES;
				GENERATE_INFOPLIST_FILE = YES;
				INFOPLIST_KEY_UIApplicationSceneManifest_Generation = YES;
				INFOPLIST_KEY_UIApplicationSupportsIndirectInputEvents = YES;
				INFOPLIST_KEY_UILaunchScreen_Generation = YES;
				INFOPLIST_KEY_UISupportedInterfaceOrientations_iPad = "UIInterfaceOrientationPortrait UIInterfaceOrientationPortraitUpsideDown UIInterfaceOrientationLandscapeLeft UIInterfaceOrientationLandscapeRight";
				INFOPLIST_KEY_UISupportedInterfaceOrientations_iPhone = "UIInterfaceOrientationPortrait UIInterfaceOrientationLandscapeLeft UIInterfaceOrientationLandscapeRight";
				LD_RUNPATH_SEARCH_PATHS = (
					"$(inherited)",
					"@executable_path/Frameworks",
				);
				MARKETING_VERSION = 1.0;
				PRODUCT_BUNDLE_IDENTIFIER = ghala.Ghala;
				PRODUCT_NAME = "$(TARGET_NAME)";
				SWIFT_EMIT_LOC_STRINGS = YES;
				SWIFT_VERSION = 5.0;
				TARGETED_DEVICE_FAMILY = "1,2";
			};
			name = Release;
		};
/* End XCBuildConfiguration section */

/* Begin XCConfigurationList section */
		20C226F7282C2255009BAD5C /* Build configuration list for PBXProject "Ghala" */ = {
			isa = XCConfigurationList;
			buildConfigurations = (
				20C22708282C2259009BAD5C /* Debug */,
				20C22709282C2259009BAD5C /* Release */,
			);
			defaultConfigurationIsVisible = 0;
			defaultConfigurationName = Release;
		};
		20C2270A282C2259009BAD5C /* Build configuration list for PBXNativeTarget "Ghala" */ = {
			isa = XCConfigurationList;
			buildConfigurations = (
				20C2270B282C2259009BAD5C /* Debug */,
				20C2270C282C2259009BAD5C /* Release */,
			);
			defaultConfigurationIsVisible = 0;
			defaultConfigurationName = Release;
		};
/* End XCConfigurationList section */
	};
	rootObject = 20C226F4282C2255009BAD5C /* Project object */;
}
